// !$*UTF8*$!
{
	archiveVersion = 1;
	classes = {
	};
	objectVersion = 48;
	objects = {

/* Begin PBXBuildFile section */
		2C2D70862001488700B8018C /* AppDelegate.swift in Sources */ = {isa = PBXBuildFile; fileRef = 2C2D70852001488700B8018C /* AppDelegate.swift */; };
		2C2D70882001488700B8018C /* ViewController.swift in Sources */ = {isa = PBXBuildFile; fileRef = 2C2D70872001488700B8018C /* ViewController.swift */; };
		2C2D708B2001488700B8018C /* Main.storyboard in Resources */ = {isa = PBXBuildFile; fileRef = 2C2D70892001488700B8018C /* Main.storyboard */; };
		2C2D708D2001488700B8018C /* Assets.xcassets in Resources */ = {isa = PBXBuildFile; fileRef = 2C2D708C2001488700B8018C /* Assets.xcassets */; };
		2C2D70902001488700B8018C /* LaunchScreen.storyboard in Resources */ = {isa = PBXBuildFile; fileRef = 2C2D708E2001488700B8018C /* LaunchScreen.storyboard */; };
		2C2D709B2001488700B8018C /* iosMeetupVideoPlayerTests.swift in Sources */ = {isa = PBXBuildFile; fileRef = 2C2D709A2001488700B8018C /* iosMeetupVideoPlayerTests.swift */; };
		2C2D70A62001488700B8018C /* iosMeetupVideoPlayerUITests.swift in Sources */ = {isa = PBXBuildFile; fileRef = 2C2D70A52001488700B8018C /* iosMeetupVideoPlayerUITests.swift */; };
/* End PBXBuildFile section */

/* Begin PBXContainerItemProxy section */
		2C2D70972001488700B8018C /* PBXContainerItemProxy */ = {
			isa = PBXContainerItemProxy;
			containerPortal = 2C2D707A2001488700B8018C /* Project object */;
			proxyType = 1;
			remoteGlobalIDString = 2C2D70812001488700B8018C;
			remoteInfo = iosMeetupVideoPlayer;
		};
		2C2D70A22001488700B8018C /* PBXContainerItemProxy */ = {
			isa = PBXContainerItemProxy;
			containerPortal = 2C2D707A2001488700B8018C /* Project object */;
			proxyType = 1;
			remoteGlobalIDString = 2C2D70812001488700B8018C;
			remoteInfo = iosMeetupVideoPlayer;
		};
/* End PBXContainerItemProxy section */

/* Begin PBXFileReference section */
		2C2D70822001488700B8018C /* iosMeetupVideoPlayer.app */ = {isa = PBXFileReference; explicitFileType = wrapper.application; includeInIndex = 0; path = iosMeetupVideoPlayer.app; sourceTree = BUILT_PRODUCTS_DIR; };
		2C2D70852001488700B8018C /* AppDelegate.swift */ = {isa = PBXFileReference; lastKnownFileType = sourcecode.swift; path = AppDelegate.swift; sourceTree = "<group>"; };
		2C2D70872001488700B8018C /* ViewController.swift */ = {isa = PBXFileReference; lastKnownFileType = sourcecode.swift; path = ViewController.swift; sourceTree = "<group>"; };
		2C2D708A2001488700B8018C /* Base */ = {isa = PBXFileReference; lastKnownFileType = file.storyboard; name = Base; path = Base.lproj/Main.storyboard; sourceTree = "<group>"; };
		2C2D708C2001488700B8018C /* Assets.xcassets */ = {isa = PBXFileReference; lastKnownFileType = folder.assetcatalog; path = Assets.xcassets; sourceTree = "<group>"; };
		2C2D708F2001488700B8018C /* Base */ = {isa = PBXFileReference; lastKnownFileType = file.storyboard; name = Base; path = Base.lproj/LaunchScreen.storyboard; sourceTree = "<group>"; };
		2C2D70912001488700B8018C /* Info.plist */ = {isa = PBXFileReference; lastKnownFileType = text.plist.xml; path = Info.plist; sourceTree = "<group>"; };
		2C2D70962001488700B8018C /* iosMeetupVideoPlayerTests.xctest */ = {isa = PBXFileReference; explicitFileType = wrapper.cfbundle; includeInIndex = 0; path = iosMeetupVideoPlayerTests.xctest; sourceTree = BUILT_PRODUCTS_DIR; };
		2C2D709A2001488700B8018C /* iosMeetupVideoPlayerTests.swift */ = {isa = PBXFileReference; lastKnownFileType = sourcecode.swift; path = iosMeetupVideoPlayerTests.swift; sourceTree = "<group>"; };
		2C2D709C2001488700B8018C /* Info.plist */ = {isa = PBXFileReference; lastKnownFileType = text.plist.xml; path = Info.plist; sourceTree = "<group>"; };
		2C2D70A12001488700B8018C /* iosMeetupVideoPlayerUITests.xctest */ = {isa = PBXFileReference; explicitFileType = wrapper.cfbundle; includeInIndex = 0; path = iosMeetupVideoPlayerUITests.xctest; sourceTree = BUILT_PRODUCTS_DIR; };
		2C2D70A52001488700B8018C /* iosMeetupVideoPlayerUITests.swift */ = {isa = PBXFileReference; lastKnownFileType = sourcecode.swift; path = iosMeetupVideoPlayerUITests.swift; sourceTree = "<group>"; };
		2C2D70A72001488700B8018C /* Info.plist */ = {isa = PBXFileReference; lastKnownFileType = text.plist.xml; path = Info.plist; sourceTree = "<group>"; };
/* End PBXFileReference section */

/* Begin PBXFrameworksBuildPhase section */
		2C2D707F2001488700B8018C /* Frameworks */ = {
			isa = PBXFrameworksBuildPhase;
			buildActionMask = 2147483647;
			files = (
			);
			runOnlyForDeploymentPostprocessing = 0;
		};
		2C2D70932001488700B8018C /* Frameworks */ = {
			isa = PBXFrameworksBuildPhase;
			buildActionMask = 2147483647;
			files = (
			);
			runOnlyForDeploymentPostprocessing = 0;
		};
		2C2D709E2001488700B8018C /* Frameworks */ = {
			isa = PBXFrameworksBuildPhase;
			buildActionMask = 2147483647;
			files = (
			);
			runOnlyForDeploymentPostprocessing = 0;
		};
/* End PBXFrameworksBuildPhase section */

/* Begin PBXGroup section */
		2C2D70792001488700B8018C = {
			isa = PBXGroup;
			children = (
				2C2D70842001488700B8018C /* iosMeetupVideoPlayer */,
				2C2D70992001488700B8018C /* iosMeetupVideoPlayerTests */,
				2C2D70A42001488700B8018C /* iosMeetupVideoPlayerUITests */,
				2C2D70832001488700B8018C /* Products */,
			);
			sourceTree = "<group>";
		};
		2C2D70832001488700B8018C /* Products */ = {
			isa = PBXGroup;
			children = (
				2C2D70822001488700B8018C /* iosMeetupVideoPlayer.app */,
				2C2D70962001488700B8018C /* iosMeetupVideoPlayerTests.xctest */,
				2C2D70A12001488700B8018C /* iosMeetupVideoPlayerUITests.xctest */,
			);
			name = Products;
			sourceTree = "<group>";
		};
		2C2D70842001488700B8018C /* iosMeetupVideoPlayer */ = {
			isa = PBXGroup;
			children = (
				2C2D70852001488700B8018C /* AppDelegate.swift */,
				2C2D70872001488700B8018C /* ViewController.swift */,
				2C2D70892001488700B8018C /* Main.storyboard */,
				2C2D708C2001488700B8018C /* Assets.xcassets */,
				2C2D708E2001488700B8018C /* LaunchScreen.storyboard */,
				2C2D70912001488700B8018C /* Info.plist */,
			);
			path = iosMeetupVideoPlayer;
			sourceTree = "<group>";
		};
		2C2D70992001488700B8018C /* iosMeetupVideoPlayerTests */ = {
			isa = PBXGroup;
			children = (
				2C2D709A2001488700B8018C /* iosMeetupVideoPlayerTests.swift */,
				2C2D709C2001488700B8018C /* Info.plist */,
			);
			path = iosMeetupVideoPlayerTests;
			sourceTree = "<group>";
		};
		2C2D70A42001488700B8018C /* iosMeetupVideoPlayerUITests */ = {
			isa = PBXGroup;
			children = (
				2C2D70A52001488700B8018C /* iosMeetupVideoPlayerUITests.swift */,
				2C2D70A72001488700B8018C /* Info.plist */,
			);
			path = iosMeetupVideoPlayerUITests;
			sourceTree = "<group>";
		};
/* End PBXGroup section */

/* Begin PBXNativeTarget section */
		2C2D70812001488700B8018C /* iosMeetupVideoPlayer */ = {
			isa = PBXNativeTarget;
			buildConfigurationList = 2C2D70AA2001488700B8018C /* Build configuration list for PBXNativeTarget "iosMeetupVideoPlayer" */;
			buildPhases = (
				2C2D707E2001488700B8018C /* Sources */,
				2C2D707F2001488700B8018C /* Frameworks */,
				2C2D70802001488700B8018C /* Resources */,
			);
			buildRules = (
			);
			dependencies = (
			);
			name = iosMeetupVideoPlayer;
			productName = iosMeetupVideoPlayer;
			productReference = 2C2D70822001488700B8018C /* iosMeetupVideoPlayer.app */;
			productType = "com.apple.product-type.application";
		};
		2C2D70952001488700B8018C /* iosMeetupVideoPlayerTests */ = {
			isa = PBXNativeTarget;
			buildConfigurationList = 2C2D70AD2001488700B8018C /* Build configuration list for PBXNativeTarget "iosMeetupVideoPlayerTests" */;
			buildPhases = (
				2C2D70922001488700B8018C /* Sources */,
				2C2D70932001488700B8018C /* Frameworks */,
				2C2D70942001488700B8018C /* Resources */,
			);
			buildRules = (
			);
			dependencies = (
				2C2D70982001488700B8018C /* PBXTargetDependency */,
			);
			name = iosMeetupVideoPlayerTests;
			productName = iosMeetupVideoPlayerTests;
			productReference = 2C2D70962001488700B8018C /* iosMeetupVideoPlayerTests.xctest */;
			productType = "com.apple.product-type.bundle.unit-test";
		};
		2C2D70A02001488700B8018C /* iosMeetupVideoPlayerUITests */ = {
			isa = PBXNativeTarget;
			buildConfigurationList = 2C2D70B02001488700B8018C /* Build configuration list for PBXNativeTarget "iosMeetupVideoPlayerUITests" */;
			buildPhases = (
				2C2D709D2001488700B8018C /* Sources */,
				2C2D709E2001488700B8018C /* Frameworks */,
				2C2D709F2001488700B8018C /* Resources */,
			);
			buildRules = (
			);
			dependencies = (
				2C2D70A32001488700B8018C /* PBXTargetDependency */,
			);
			name = iosMeetupVideoPlayerUITests;
			productName = iosMeetupVideoPlayerUITests;
			productReference = 2C2D70A12001488700B8018C /* iosMeetupVideoPlayerUITests.xctest */;
			productType = "com.apple.product-type.bundle.ui-testing";
		};
/* End PBXNativeTarget section */

/* Begin PBXProject section */
		2C2D707A2001488700B8018C /* Project object */ = {
			isa = PBXProject;
			attributes = {
				LastSwiftUpdateCheck = 0920;
				LastUpgradeCheck = 0920;
				ORGANIZATIONNAME = KevinT;
				TargetAttributes = {
					2C2D70812001488700B8018C = {
						CreatedOnToolsVersion = 9.2;
						ProvisioningStyle = Automatic;
					};
					2C2D70952001488700B8018C = {
						CreatedOnToolsVersion = 9.2;
						ProvisioningStyle = Automatic;
						TestTargetID = 2C2D70812001488700B8018C;
					};
					2C2D70A02001488700B8018C = {
						CreatedOnToolsVersion = 9.2;
						ProvisioningStyle = Automatic;
						TestTargetID = 2C2D70812001488700B8018C;
					};
				};
			};
			buildConfigurationList = 2C2D707D2001488700B8018C /* Build configuration list for PBXProject "iosMeetupVideoPlayer" */;
			compatibilityVersion = "Xcode 8.0";
			developmentRegion = en;
			hasScannedForEncodings = 0;
			knownRegions = (
				en,
				Base,
			);
			mainGroup = 2C2D70792001488700B8018C;
			productRefGroup = 2C2D70832001488700B8018C /* Products */;
			projectDirPath = "";
			projectRoot = "";
			targets = (
				2C2D70812001488700B8018C /* iosMeetupVideoPlayer */,
				2C2D70952001488700B8018C /* iosMeetupVideoPlayerTests */,
				2C2D70A02001488700B8018C /* iosMeetupVideoPlayerUITests */,
			);
		};
/* End PBXProject section */

/* Begin PBXResourcesBuildPhase section */
		2C2D70802001488700B8018C /* Resources */ = {
			isa = PBXResourcesBuildPhase;
			buildActionMask = 2147483647;
			files = (
				2C2D70902001488700B8018C /* LaunchScreen.storyboard in Resources */,
				2C2D708D2001488700B8018C /* Assets.xcassets in Resources */,
				2C2D708B2001488700B8018C /* Main.storyboard in Resources */,
			);
			runOnlyForDeploymentPostprocessing = 0;
		};
		2C2D70942001488700B8018C /* Resources */ = {
			isa = PBXResourcesBuildPhase;
			buildActionMask = 2147483647;
			files = (
			);
			runOnlyForDeploymentPostprocessing = 0;
		};
		2C2D709F2001488700B8018C /* Resources */ = {
			isa = PBXResourcesBuildPhase;
			buildActionMask = 2147483647;
			files = (
			);
			runOnlyForDeploymentPostprocessing = 0;
		};
/* End PBXResourcesBuildPhase section */

/* Begin PBXSourcesBuildPhase section */
		2C2D707E2001488700B8018C /* Sources */ = {
			isa = PBXSourcesBuildPhase;
			buildActionMask = 2147483647;
			files = (
				2C2D70882001488700B8018C /* ViewController.swift in Sources */,
				2C2D70862001488700B8018C /* AppDelegate.swift in Sources */,
			);
			runOnlyForDeploymentPostprocessing = 0;
		};
		2C2D70922001488700B8018C /* Sources */ = {
			isa = PBXSourcesBuildPhase;
			buildActionMask = 2147483647;
			files = (
				2C2D709B2001488700B8018C /* iosMeetupVideoPlayerTests.swift in Sources */,
			);
			runOnlyForDeploymentPostprocessing = 0;
		};
		2C2D709D2001488700B8018C /* Sources */ = {
			isa = PBXSourcesBuildPhase;
			buildActionMask = 2147483647;
			files = (
				2C2D70A62001488700B8018C /* iosMeetupVideoPlayerUITests.swift in Sources */,
			);
			runOnlyForDeploymentPostprocessing = 0;
		};
/* End PBXSourcesBuildPhase section */

/* Begin PBXTargetDependency section */
		2C2D70982001488700B8018C /* PBXTargetDependency */ = {
			isa = PBXTargetDependency;
			target = 2C2D70812001488700B8018C /* iosMeetupVideoPlayer */;
			targetProxy = 2C2D70972001488700B8018C /* PBXContainerItemProxy */;
		};
		2C2D70A32001488700B8018C /* PBXTargetDependency */ = {
			isa = PBXTargetDependency;
			target = 2C2D70812001488700B8018C /* iosMeetupVideoPlayer */;
			targetProxy = 2C2D70A22001488700B8018C /* PBXContainerItemProxy */;
		};
/* End PBXTargetDependency section */

/* Begin PBXVariantGroup section */
		2C2D70892001488700B8018C /* Main.storyboard */ = {
			isa = PBXVariantGroup;
			children = (
				2C2D708A2001488700B8018C /* Base */,
			);
			name = Main.storyboard;
			sourceTree = "<group>";
		};
		2C2D708E2001488700B8018C /* LaunchScreen.storyboard */ = {
			isa = PBXVariantGroup;
			children = (
				2C2D708F2001488700B8018C /* Base */,
			);
			name = LaunchScreen.storyboard;
			sourceTree = "<group>";
		};
/* End PBXVariantGroup section */

/* Begin XCBuildConfiguration section */
		2C2D70A82001488700B8018C /* Debug */ = {
			isa = XCBuildConfiguration;
			buildSettings = {
				ALWAYS_SEARCH_USER_PATHS = NO;
				CLANG_ANALYZER_NONNULL = YES;
				CLANG_ANALYZER_NUMBER_OBJECT_CONVERSION = YES_AGGRESSIVE;
				CLANG_CXX_LANGUAGE_STANDARD = "gnu++14";
				CLANG_CXX_LIBRARY = "libc++";
				CLANG_ENABLE_MODULES = YES;
				CLANG_ENABLE_OBJC_ARC = YES;
				CLANG_WARN_BLOCK_CAPTURE_AUTORELEASING = YES;
				CLANG_WARN_BOOL_CONVERSION = YES;
				CLANG_WARN_COMMA = YES;
				CLANG_WARN_CONSTANT_CONVERSION = YES;
				CLANG_WARN_DIRECT_OBJC_ISA_USAGE = YES_ERROR;
				CLANG_WARN_DOCUMENTATION_COMMENTS = YES;
				CLANG_WARN_EMPTY_BODY = YES;
				CLANG_WARN_ENUM_CONVERSION = YES;
				CLANG_WARN_INFINITE_RECURSION = YES;
				CLANG_WARN_INT_CONVERSION = YES;
				CLANG_WARN_NON_LITERAL_NULL_CONVERSION = YES;
				CLANG_WARN_OBJC_LITERAL_CONVERSION = YES;
				CLANG_WARN_OBJC_ROOT_CLASS = YES_ERROR;
				CLANG_WARN_RANGE_LOOP_ANALYSIS = YES;
				CLANG_WARN_STRICT_PROTOTYPES = YES;
				CLANG_WARN_SUSPICIOUS_MOVE = YES;
				CLANG_WARN_UNGUARDED_AVAILABILITY = YES_AGGRESSIVE;
				CLANG_WARN_UNREACHABLE_CODE = YES;
				CLANG_WARN__DUPLICATE_METHOD_MATCH = YES;
				CODE_SIGN_IDENTITY = "iPhone Developer";
				COPY_PHASE_STRIP = NO;
				DEBUG_INFORMATION_FORMAT = dwarf;
				ENABLE_STRICT_OBJC_MSGSEND = YES;
				ENABLE_TESTABILITY = YES;
				GCC_C_LANGUAGE_STANDARD = gnu11;
				GCC_DYNAMIC_NO_PIC = NO;
				GCC_NO_COMMON_BLOCKS = YES;
				GCC_OPTIMIZATION_LEVEL = 0;
				GCC_PREPROCESSOR_DEFINITIONS = (
					"DEBUG=1",
					"$(inherited)",
				);
				GCC_WARN_64_TO_32_BIT_CONVERSION = YES;
				GCC_WARN_ABOUT_RETURN_TYPE = YES_ERROR;
				GCC_WARN_UNDECLARED_SELECTOR = YES;
				GCC_WARN_UNINITIALIZED_AUTOS = YES_AGGRESSIVE;
				GCC_WARN_UNUSED_FUNCTION = YES;
				GCC_WARN_UNUSED_VARIABLE = YES;
				IPHONEOS_DEPLOYMENT_TARGET = 11.2;
				MTL_ENABLE_DEBUG_INFO = YES;
				ONLY_ACTIVE_ARCH = YES;
				SDKROOT = iphoneos;
				SWIFT_ACTIVE_COMPILATION_CONDITIONS = DEBUG;
				SWIFT_OPTIMIZATION_LEVEL = "-Onone";
			};
			name = Debug;
		};
		2C2D70A92001488700B8018C /* Release */ = {
			isa = XCBuildConfiguration;
			buildSettings = {
				ALWAYS_SEARCH_USER_PATHS = NO;
				CLANG_ANALYZER_NONNULL = YES;
				CLANG_ANALYZER_NUMBER_OBJECT_CONVERSION = YES_AGGRESSIVE;
				CLANG_CXX_LANGUAGE_STANDARD = "gnu++14";
				CLANG_CXX_LIBRARY = "libc++";
				CLANG_ENABLE_MODULES = YES;
				CLANG_ENABLE_OBJC_ARC = YES;
				CLANG_WARN_BLOCK_CAPTURE_AUTORELEASING = YES;
				CLANG_WARN_BOOL_CONVERSION = YES;
				CLANG_WARN_COMMA = YES;
				CLANG_WARN_CONSTANT_CONVERSION = YES;
				CLANG_WARN_DIRECT_OBJC_ISA_USAGE = YES_ERROR;
				CLANG_WARN_DOCUMENTATION_COMMENTS = YES;
				CLANG_WARN_EMPTY_BODY = YES;
				CLANG_WARN_ENUM_CONVERSION = YES;
				CLANG_WARN_INFINITE_RECURSION = YES;
				CLANG_WARN_INT_CONVERSION = YES;
				CLANG_WARN_NON_LITERAL_NULL_CONVERSION = YES;
				CLANG_WARN_OBJC_LITERAL_CONVERSION = YES;
				CLANG_WARN_OBJC_ROOT_CLASS = YES_ERROR;
				CLANG_WARN_RANGE_LOOP_ANALYSIS = YES;
				CLANG_WARN_STRICT_PROTOTYPES = YES;
				CLANG_WARN_SUSPICIOUS_MOVE = YES;
				CLANG_WARN_UNGUARDED_AVAILABILITY = YES_AGGRESSIVE;
				CLANG_WARN_UNREACHABLE_CODE = YES;
				CLANG_WARN__DUPLICATE_METHOD_MATCH = YES;
				CODE_SIGN_IDENTITY = "iPhone Developer";
				COPY_PHASE_STRIP = NO;
				DEBUG_INFORMATION_FORMAT = "dwarf-with-dsym";
				ENABLE_NS_ASSERTIONS = NO;
				ENABLE_STRICT_OBJC_MSGSEND = YES;
				GCC_C_LANGUAGE_STANDARD = gnu11;
				GCC_NO_COMMON_BLOCKS = YES;
				GCC_WARN_64_TO_32_BIT_CONVERSION = YES;
				GCC_WARN_ABOUT_RETURN_TYPE = YES_ERROR;
				GCC_WARN_UNDECLARED_SELECTOR = YES;
				GCC_WARN_UNINITIALIZED_AUTOS = YES_AGGRESSIVE;
				GCC_WARN_UNUSED_FUNCTION = YES;
				GCC_WARN_UNUSED_VARIABLE = YES;
				IPHONEOS_DEPLOYMENT_TARGET = 11.2;
				MTL_ENABLE_DEBUG_INFO = NO;
				SDKROOT = iphoneos;
				SWIFT_OPTIMIZATION_LEVEL = "-Owholemodule";
				VALIDATE_PRODUCT = YES;
			};
			name = Release;
		};
		2C2D70AB2001488700B8018C /* Debug */ = {
			isa = XCBuildConfiguration;
			buildSettings = {
				ASSETCATALOG_COMPILER_APPICON_NAME = AppIcon;
				CODE_SIGN_STYLE = Automatic;
				INFOPLIST_FILE = iosMeetupVideoPlayer/Info.plist;
				LD_RUNPATH_SEARCH_PATHS = "$(inherited) @executable_path/Frameworks";
				PRODUCT_BUNDLE_IDENTIFIER = kt.iosMeetupVideoPlayer;
				PRODUCT_NAME = "$(TARGET_NAME)";
				SWIFT_VERSION = 4.0;
				TARGETED_DEVICE_FAMILY = "1,2";
			};
			name = Debug;
		};
		2C2D70AC2001488700B8018C /* Release */ = {
			isa = XCBuildConfiguration;
			buildSettings = {
				ASSETCATALOG_COMPILER_APPICON_NAME = AppIcon;
				CODE_SIGN_STYLE = Automatic;
				INFOPLIST_FILE = iosMeetupVideoPlayer/Info.plist;
				LD_RUNPATH_SEARCH_PATHS = "$(inherited) @executable_path/Frameworks";
				PRODUCT_BUNDLE_IDENTIFIER = kt.iosMeetupVideoPlayer;
				PRODUCT_NAME = "$(TARGET_NAME)";
				SWIFT_VERSION = 4.0;
				TARGETED_DEVICE_FAMILY = "1,2";
			};
			name = Release;
		};
		2C2D70AE2001488700B8018C /* Debug */ = {
			isa = XCBuildConfiguration;
			buildSettings = {
				ALWAYS_EMBED_SWIFT_STANDARD_LIBRARIES = YES;
				BUNDLE_LOADER = "$(TEST_HOST)";
				CODE_SIGN_STYLE = Automatic;
				INFOPLIST_FILE = iosMeetupVideoPlayerTests/Info.plist;
				LD_RUNPATH_SEARCH_PATHS = "$(inherited) @executable_path/Frameworks @loader_path/Frameworks";
				PRODUCT_BUNDLE_IDENTIFIER = kt.iosMeetupVideoPlayerTests;
				PRODUCT_NAME = "$(TARGET_NAME)";
				SWIFT_VERSION = 4.0;
				TARGETED_DEVICE_FAMILY = "1,2";
				TEST_HOST = "$(BUILT_PRODUCTS_DIR)/iosMeetupVideoPlayer.app/iosMeetupVideoPlayer";
			};
			name = Debug;
		};
		2C2D70AF2001488700B8018C /* Release */ = {
			isa = XCBuildConfiguration;
			buildSettings = {
				ALWAYS_EMBED_SWIFT_STANDARD_LIBRARIES = YES;
				BUNDLE_LOADER = "$(TEST_HOST)";
				CODE_SIGN_STYLE = Automatic;
				INFOPLIST_FILE = iosMeetupVideoPlayerTests/Info.plist;
				LD_RUNPATH_SEARCH_PATHS = "$(inherited) @executable_path/Frameworks @loader_path/Frameworks";
				PRODUCT_BUNDLE_IDENTIFIER = kt.iosMeetupVideoPlayerTests;
				PRODUCT_NAME = "$(TARGET_NAME)";
				SWIFT_VERSION = 4.0;
				TARGETED_DEVICE_FAMILY = "1,2";
				TEST_HOST = "$(BUILT_PRODUCTS_DIR)/iosMeetupVideoPlayer.app/iosMeetupVideoPlayer";
			};
			name = Release;
		};
		2C2D70B12001488700B8018C /* Debug */ = {
			isa = XCBuildConfiguration;
			buildSettings = {
				ALWAYS_EMBED_SWIFT_STANDARD_LIBRARIES = YES;
				CODE_SIGN_STYLE = Automatic;
				INFOPLIST_FILE = iosMeetupVideoPlayerUITests/Info.plist;
				LD_RUNPATH_SEARCH_PATHS = "$(inherited) @executable_path/Frameworks @loader_path/Frameworks";
				PRODUCT_BUNDLE_IDENTIFIER = kt.iosMeetupVideoPlayerUITests;
				PRODUCT_NAME = "$(TARGET_NAME)";
				SWIFT_VERSION = 4.0;
				TARGETED_DEVICE_FAMILY = "1,2";
				TEST_TARGET_NAME = iosMeetupVideoPlayer;
			};
			name = Debug;
		};
		2C2D70B22001488700B8018C /* Release */ = {
			isa = XCBuildConfiguration;
			buildSettings = {
				ALWAYS_EMBED_SWIFT_STANDARD_LIBRARIES = YES;
				CODE_SIGN_STYLE = Automatic;
				INFOPLIST_FILE = iosMeetupVideoPlayerUITests/Info.plist;
				LD_RUNPATH_SEARCH_PATHS = "$(inherited) @executable_path/Frameworks @loader_path/Frameworks";
				PRODUCT_BUNDLE_IDENTIFIER = kt.iosMeetupVideoPlayerUITests;
				PRODUCT_NAME = "$(TARGET_NAME)";
				SWIFT_VERSION = 4.0;
				TARGETED_DEVICE_FAMILY = "1,2";
				TEST_TARGET_NAME = iosMeetupVideoPlayer;
			};
			name = Release;
		};
/* End XCBuildConfiguration section */

/* Begin XCConfigurationList section */
		2C2D707D2001488700B8018C /* Build configuration list for PBXProject "iosMeetupVideoPlayer" */ = {
			isa = XCConfigurationList;
			buildConfigurations = (
				2C2D70A82001488700B8018C /* Debug */,
				2C2D70A92001488700B8018C /* Release */,
			);
			defaultConfigurationIsVisible = 0;
			defaultConfigurationName = Release;
		};
		2C2D70AA2001488700B8018C /* Build configuration list for PBXNativeTarget "iosMeetupVideoPlayer" */ = {
			isa = XCConfigurationList;
			buildConfigurations = (
				2C2D70AB2001488700B8018C /* Debug */,
				2C2D70AC2001488700B8018C /* Release */,
			);
			defaultConfigurationIsVisible = 0;
			defaultConfigurationName = Release;
		};
		2C2D70AD2001488700B8018C /* Build configuration list for PBXNativeTarget "iosMeetupVideoPlayerTests" */ = {
			isa = XCConfigurationList;
			buildConfigurations = (
				2C2D70AE2001488700B8018C /* Debug */,
				2C2D70AF2001488700B8018C /* Release */,
			);
			defaultConfigurationIsVisible = 0;
			defaultConfigurationName = Release;
		};
		2C2D70B02001488700B8018C /* Build configuration list for PBXNativeTarget "iosMeetupVideoPlayerUITests" */ = {
			isa = XCConfigurationList;
			buildConfigurations = (
				2C2D70B12001488700B8018C /* Debug */,
				2C2D70B22001488700B8018C /* Release */,
			);
			defaultConfigurationIsVisible = 0;
			defaultConfigurationName = Release;
		};
/* End XCConfigurationList section */
	};
	rootObject = 2C2D707A2001488700B8018C /* Project object */;
}
